
Microsoft Visual Studio Solution File, Format Version 12.00
Project("{FAE04EC0-301F-11D3-BF4B-00C04F79EFBC}") = "DependencyInjection", "DependencyInjection\DependencyInjection.csproj", "{1D76073E-AB3C-4392-9FD1-C5B6226C6A8B}"
EndProject
Global
	GlobalSection(SolutionConfigurationPlatforms) = preSolution
		Debug|Any CPU = Debug|Any CPU
		Release|Any CPU = Release|Any CPU
	EndGlobalSection
	GlobalSection(ProjectConfigurationPlatforms) = postSolution
		{1D76073E-AB3C-4392-9FD1-C5B6226C6A8B}.Debug|Any CPU.ActiveCfg = Debug|Any CPU
		{1D76073E-AB3C-4392-9FD1-C5B6226C6A8B}.Debug|Any CPU.Build.0 = Debug|Any CPU
		{1D76073E-AB3C-4392-9FD1-C5B6226C6A8B}.Release|Any CPU.ActiveCfg = Release|Any CPU
		{1D76073E-AB3C-4392-9FD1-C5B6226C6A8B}.Release|Any CPU.Build.0 = Release|Any CPU
	EndGlobalSection
EndGlobal
